
Microsoft Visual Studio Solution File, Format Version 12.00
# Visual Studio 15
VisualStudioVersion = 15.0.28307.572
MinimumVisualStudioVersion = 10.0.40219.1
Project("{FAE04EC0-301F-11D3-BF4B-00C04F79EFBC}") = "OctoberCourses2", "OctoberCourses2\OctoberCourses2.csproj", "{1355D0D4-5A2E-49D6-B3B2-3189DFCB2B6B}"
EndProject
Project("{FAE04EC0-301F-11D3-BF4B-00C04F79EFBC}") = "OctoberCourses2.Tests", "OctoberCourses2.Tests\OctoberCourses2.Tests.csproj", "{4094AF09-F4C8-49E0-9FE4-3CE2E25E6725}"
EndProject
Global
	GlobalSection(SolutionConfigurationPlatforms) = preSolution
		Debug|Any CPU = Debug|Any CPU
		Release|Any CPU = Release|Any CPU
	EndGlobalSection
	GlobalSection(ProjectConfigurationPlatforms) = postSolution
		{1355D0D4-5A2E-49D6-B3B2-3189DFCB2B6B}.Debug|Any CPU.ActiveCfg = Debug|Any CPU
		{1355D0D4-5A2E-49D6-B3B2-3189DFCB2B6B}.Debug|Any CPU.Build.0 = Debug|Any CPU
		{1355D0D4-5A2E-49D6-B3B2-3189DFCB2B6B}.Release|Any CPU.ActiveCfg = Release|Any CPU
		{1355D0D4-5A2E-49D6-B3B2-3189DFCB2B6B}.Release|Any CPU.Build.0 = Release|Any CPU
		{4094AF09-F4C8-49E0-9FE4-3CE2E25E6725}.Debug|Any CPU.ActiveCfg = Debug|Any CPU
		{4094AF09-F4C8-49E0-9FE4-3CE2E25E6725}.Debug|Any CPU.Build.0 = Debug|Any CPU
		{4094AF09-F4C8-49E0-9FE4-3CE2E25E6725}.Release|Any CPU.ActiveCfg = Release|Any CPU
		{4094AF09-F4C8-49E0-9FE4-3CE2E25E6725}.Release|Any CPU.Build.0 = Release|Any CPU
	EndGlobalSection
	GlobalSection(SolutionProperties) = preSolution
		HideSolutionNode = FALSE
	EndGlobalSection
	GlobalSection(ExtensibilityGlobals) = postSolution
		SolutionGuid = {104E8B67-6F7D-45F0-AC37-DCF58486669E}
	EndGlobalSection
EndGlobal
